PODS:
  - flutter_ocr_native (0.0.7):
    - FlutterMacOS
  - FlutterMacOS (1.0.0)

DEPENDENCIES:
  - flutter_ocr_native (from `Flutter/ephemeral/.symlinks/plugins/flutter_ocr_native/macos`)
  - FlutterMacOS (from `Flutter/ephemeral`)

EXTERNAL SOURCES:
  flutter_ocr_native:
    :path: Flutter/ephemeral/.symlinks/plugins/flutter_ocr_native/macos
  FlutterMacOS:
    :path: Flutter/ephemeral

SPEC CHECKSUMS:
  flutter_ocr_native: d1cc811b3b34465f7c66c296f6cc8e6d792fbeaf
  FlutterMacOS: c232990155153907050900a2e175c7773903ba4e

PODFILE CHECKSUM: 32cd93bea4a742aadfebbcf392d60035c34780e6

COCOAPODS: 1.17.0
